
Microsoft Visual Studio Solution File, Format Version 12.00
# Visual Studio Version 17
VisualStudioVersion = 17.0.32014.148
MinimumVisualStudioVersion = 10.0.40219.1
Project("{FAE04EC0-301F-11D3-BF4B-00C04F79EFBC}") = "AzureWorkerDemoNET6", "AzureWorkerDemoNET6.csproj", "{7C61944E-A93F-4EF1-8E16-3E0E6D0537B4}"
EndProject
Global
	GlobalSection(SolutionConfigurationPlatforms) = preSolution
		Debug|Any CPU = Debug|Any CPU
		Release|Any CPU = Release|Any CPU
	EndGlobalSection
	GlobalSection(ProjectConfigurationPlatforms) = postSolution
		{7C61944E-A93F-4EF1-8E16-3E0E6D0537B4}.Debug|Any CPU.ActiveCfg = Debug|Any CPU
		{7C61944E-A93F-4EF1-8E16-3E0E6D0537B4}.Debug|Any CPU.Build.0 = Debug|Any CPU
		{7C61944E-A93F-4EF1-8E16-3E0E6D0537B4}.Release|Any CPU.ActiveCfg = Release|Any CPU
		{7C61944E-A93F-4EF1-8E16-3E0E6D0537B4}.Release|Any CPU.Build.0 = Release|Any CPU
	EndGlobalSection
	GlobalSection(SolutionProperties) = preSolution
		HideSolutionNode = FALSE
	EndGlobalSection
	GlobalSection(ExtensibilityGlobals) = postSolution
		SolutionGuid = {DA897784-9660-456B-9104-F7AD9611B4ED}
	EndGlobalSection
EndGlobal
